Microsoft Visual Studio Solution File, Format Version 11.00
# Visual Studio 2017

Project("{8BC9CEB8-8B4A-11D0-8D11-00A0C91BC942}") = "ADLplug - Standalone Plugin", "ADLplug_StandalonePlugin.vcxproj", "{4B9A7629-6AA5-B937-E632-009F74AB971E}"
	ProjectSection(ProjectDependencies) = postProject
		{5EBD0E8D-1D83-756E-BC8C-055B66316CC6} = {5EBD0E8D-1D83-756E-BC8C-055B66316CC6}
	EndProjectSection
EndProject
Project("{8BC9CEB8-8B4A-11D0-8D11-00A0C91BC942}") = "ADLplug - VST", "ADLplug_VST.vcxproj", "{F1D7D18B-A7AD-69AF-1534-970021EAF237}"
	ProjectSection(ProjectDependencies) = postProject
		{5EBD0E8D-1D83-756E-BC8C-055B66316CC6} = {5EBD0E8D-1D83-756E-BC8C-055B66316CC6}
	EndProjectSection
EndProject
Project("{8BC9CEB8-8B4A-11D0-8D11-00A0C91BC942}") = "ADLplug - VST3", "ADLplug_VST3.vcxproj", "{499F9763-00A2-4EB3-11DC-892CF8719BF7}"
	ProjectSection(ProjectDependencies) = postProject
		{5EBD0E8D-1D83-756E-BC8C-055B66316CC6} = {5EBD0E8D-1D83-756E-BC8C-055B66316CC6}
	EndProjectSection
EndProject
Project("{8BC9CEB8-8B4A-11D0-8D11-00A0C91BC942}") = "ADLplug - AAX", "ADLplug_AAX.vcxproj", "{C15AF60B-0847-E433-38DF-764ABC496B4A}"
	ProjectSection(ProjectDependencies) = postProject
		{5EBD0E8D-1D83-756E-BC8C-055B66316CC6} = {5EBD0E8D-1D83-756E-BC8C-055B66316CC6}
	EndProjectSection
EndProject
Project("{8BC9CEB8-8B4A-11D0-8D11-00A0C91BC942}") = "ADLplug - RTAS", "ADLplug_RTAS.vcxproj", "{12FA15DD-59FC-6C55-24BD-4355C8D5ADD4}"
	ProjectSection(ProjectDependencies) = postProject
		{5EBD0E8D-1D83-756E-BC8C-055B66316CC6} = {5EBD0E8D-1D83-756E-BC8C-055B66316CC6}
	EndProjectSection
EndProject
Project("{8BC9CEB8-8B4A-11D0-8D11-00A0C91BC942}") = "ADLplug - Shared Code", "ADLplug_SharedCode.vcxproj", "{5EBD0E8D-1D83-756E-BC8C-055B66316CC6}"
EndProject
Global
	GlobalSection(SolutionConfigurationPlatforms) = preSolution
		Debug|x64 = Debug|x64
		Release|x64 = Release|x64
	EndGlobalSection
	GlobalSection(ProjectConfigurationPlatforms) = postSolution
		{F1D7D18B-A7AD-69AF-1534-970021EAF237}.Debug|x64.ActiveCfg = Debug|x64
		{F1D7D18B-A7AD-69AF-1534-970021EAF237}.Debug|x64.Build.0 = Debug|x64
		{F1D7D18B-A7AD-69AF-1534-970021EAF237}.Release|x64.ActiveCfg = Release|x64
		{F1D7D18B-A7AD-69AF-1534-970021EAF237}.Release|x64.Build.0 = Release|x64
		{499F9763-00A2-4EB3-11DC-892CF8719BF7}.Debug|x64.ActiveCfg = Debug|x64
		{499F9763-00A2-4EB3-11DC-892CF8719BF7}.Debug|x64.Build.0 = Debug|x64
		{499F9763-00A2-4EB3-11DC-892CF8719BF7}.Release|x64.ActiveCfg = Release|x64
		{499F9763-00A2-4EB3-11DC-892CF8719BF7}.Release|x64.Build.0 = Release|x64
		{C15AF60B-0847-E433-38DF-764ABC496B4A}.Debug|x64.ActiveCfg = Debug|x64
		{C15AF60B-0847-E433-38DF-764ABC496B4A}.Debug|x64.Build.0 = Debug|x64
		{C15AF60B-0847-E433-38DF-764ABC496B4A}.Release|x64.ActiveCfg = Release|x64
		{C15AF60B-0847-E433-38DF-764ABC496B4A}.Release|x64.Build.0 = Release|x64
		{12FA15DD-59FC-6C55-24BD-4355C8D5ADD4}.Debug|x64.ActiveCfg = Debug|x64
		{12FA15DD-59FC-6C55-24BD-4355C8D5ADD4}.Debug|x64.Build.0 = Debug|x64
		{12FA15DD-59FC-6C55-24BD-4355C8D5ADD4}.Release|x64.ActiveCfg = Release|x64
		{12FA15DD-59FC-6C55-24BD-4355C8D5ADD4}.Release|x64.Build.0 = Release|x64
		{4B9A7629-6AA5-B937-E632-009F74AB971E}.Debug|x64.ActiveCfg = Debug|x64
		{4B9A7629-6AA5-B937-E632-009F74AB971E}.Debug|x64.Build.0 = Debug|x64
		{4B9A7629-6AA5-B937-E632-009F74AB971E}.Release|x64.ActiveCfg = Release|x64
		{4B9A7629-6AA5-B937-E632-009F74AB971E}.Release|x64.Build.0 = Release|x64
		{5EBD0E8D-1D83-756E-BC8C-055B66316CC6}.Debug|x64.ActiveCfg = Debug|x64
		{5EBD0E8D-1D83-756E-BC8C-055B66316CC6}.Debug|x64.Build.0 = Debug|x64
		{5EBD0E8D-1D83-756E-BC8C-055B66316CC6}.Release|x64.ActiveCfg = Release|x64
		{5EBD0E8D-1D83-756E-BC8C-055B66316CC6}.Release|x64.Build.0 = Release|x64
	EndGlobalSection
	GlobalSection(SolutionProperties) = preSolution
		HideSolutionNode = FALSE
	EndGlobalSection
EndGlobal
